<Solution>
  <Folder Name="/build/">
    <File Path="build.ps1" />
    <File Path="coverlet.runsettings" />
    <File Path="Directory.Build.props" />
    <File Path="Directory.Packages.props" />
    <File Path="NuGet.Config" />
  </Folder>
  <Folder Name="/src/">
    <Project Path="src/Netclaw.Actors/Netclaw.Actors.csproj" />
    <Project Path="src/Netclaw.App/Netclaw.App.csproj" />
    <Project Path="src/Netclaw.Channels/Netclaw.Channels.csproj" />
    <Project Path="src/Netclaw.Actors.Tests/Netclaw.Actors.Tests.csproj" />
    <Project Path="src/Netclaw.Tools.Abstractions/Netclaw.Tools.Abstractions.csproj" />
    <Project Path="src/Netclaw.Tools.Generators/Netclaw.Tools.Generators.csproj" />
  </Folder>
</Solution>
